
Microsoft Visual Studio Solution File, Format Version 12.00
Project("{FAE04EC0-301F-11D3-BF4B-00C04F79EFBC}") = "PJATK-APBD-Cw8-s34264", "PJATK-APBD-Cw8-s34264\PJATK-APBD-Cw8-s34264.csproj", "{27B47D13-E683-44CC-9684-703F73BE4D8F}"
EndProject
Global
	GlobalSection(SolutionConfigurationPlatforms) = preSolution
		Debug|Any CPU = Debug|Any CPU
		Release|Any CPU = Release|Any CPU
	EndGlobalSection
	GlobalSection(ProjectConfigurationPlatforms) = postSolution
		{27B47D13-E683-44CC-9684-703F73BE4D8F}.Debug|Any CPU.ActiveCfg = Debug|Any CPU
		{27B47D13-E683-44CC-9684-703F73BE4D8F}.Debug|Any CPU.Build.0 = Debug|Any CPU
		{27B47D13-E683-44CC-9684-703F73BE4D8F}.Release|Any CPU.ActiveCfg = Release|Any CPU
		{27B47D13-E683-44CC-9684-703F73BE4D8F}.Release|Any CPU.Build.0 = Release|Any CPU
	EndGlobalSection
EndGlobal
